
Microsoft Visual Studio Solution File, Format Version 12.00
# Visual Studio 14
VisualStudioVersion = 14.0.25420.1
MinimumVisualStudioVersion = 10.0.40219.1
Project("{FAE04EC0-301F-11D3-BF4B-00C04F79EFBC}") = "RandomNumberGuessingGame", "RandomNumberGuessingGame\RandomNumberGuessingGame.csproj", "{BDFD0B3E-3311-47DE-A0A3-F49B307356B4}"
EndProject
Global
	GlobalSection(SolutionConfigurationPlatforms) = preSolution
		Debug|Any CPU = Debug|Any CPU
		Release|Any CPU = Release|Any CPU
	EndGlobalSection
	GlobalSection(ProjectConfigurationPlatforms) = postSolution
		{BDFD0B3E-3311-47DE-A0A3-F49B307356B4}.Debug|Any CPU.ActiveCfg = Debug|Any CPU
		{BDFD0B3E-3311-47DE-A0A3-F49B307356B4}.Debug|Any CPU.Build.0 = Debug|Any CPU
		{BDFD0B3E-3311-47DE-A0A3-F49B307356B4}.Release|Any CPU.ActiveCfg = Release|Any CPU
		{BDFD0B3E-3311-47DE-A0A3-F49B307356B4}.Release|Any CPU.Build.0 = Release|Any CPU
	EndGlobalSection
	GlobalSection(SolutionProperties) = preSolution
		HideSolutionNode = FALSE
	EndGlobalSection
EndGlobal
